
Microsoft Visual Studio Solution File, Format Version 12.00
# Visual Studio Version 17
VisualStudioVersion = 17.2.32505.173
MinimumVisualStudioVersion = 10.0.40219.1
Project("{9A19103F-16F7-4668-BE54-9A1E7A4F7556}") = "WebDriverTestsDemo", "WebDriverTestsDemo\WebDriverTestsDemo.csproj", "{87FA631F-830A-44C9-83B4-DE5A90E94A5F}"
EndProject
Project("{9A19103F-16F7-4668-BE54-9A1E7A4F7556}") = "NunitWebDriverTests", "NunitWebDriverTests\NunitWebDriverTests.csproj", "{0464B738-FCDF-4B30-8920-CE598789B522}"
EndProject
Project("{FAE04EC0-301F-11D3-BF4B-00C04F79EFBC}") = "GitHubDemo", "GitHubDemo\GitHubDemo.csproj", "{08982CC8-3954-44B6-9BE2-4C1585E81FAB}"
EndProject
Global
	GlobalSection(SolutionConfigurationPlatforms) = preSolution
		Debug|Any CPU = Debug|Any CPU
		Release|Any CPU = Release|Any CPU
	EndGlobalSection
	GlobalSection(ProjectConfigurationPlatforms) = postSolution
		{87FA631F-830A-44C9-83B4-DE5A90E94A5F}.Debug|Any CPU.ActiveCfg = Debug|Any CPU
		{87FA631F-830A-44C9-83B4-DE5A90E94A5F}.Debug|Any CPU.Build.0 = Debug|Any CPU
		{87FA631F-830A-44C9-83B4-DE5A90E94A5F}.Release|Any CPU.ActiveCfg = Release|Any CPU
		{87FA631F-830A-44C9-83B4-DE5A90E94A5F}.Release|Any CPU.Build.0 = Release|Any CPU
		{0464B738-FCDF-4B30-8920-CE598789B522}.Debug|Any CPU.ActiveCfg = Debug|Any CPU
		{0464B738-FCDF-4B30-8920-CE598789B522}.Debug|Any CPU.Build.0 = Debug|Any CPU
		{0464B738-FCDF-4B30-8920-CE598789B522}.Release|Any CPU.ActiveCfg = Release|Any CPU
		{0464B738-FCDF-4B30-8920-CE598789B522}.Release|Any CPU.Build.0 = Release|Any CPU
		{08982CC8-3954-44B6-9BE2-4C1585E81FAB}.Debug|Any CPU.ActiveCfg = Debug|Any CPU
		{08982CC8-3954-44B6-9BE2-4C1585E81FAB}.Debug|Any CPU.Build.0 = Debug|Any CPU
		{08982CC8-3954-44B6-9BE2-4C1585E81FAB}.Release|Any CPU.ActiveCfg = Release|Any CPU
		{08982CC8-3954-44B6-9BE2-4C1585E81FAB}.Release|Any CPU.Build.0 = Release|Any CPU
	EndGlobalSection
	GlobalSection(SolutionProperties) = preSolution
		HideSolutionNode = FALSE
	EndGlobalSection
	GlobalSection(ExtensibilityGlobals) = postSolution
		SolutionGuid = {BCA279CB-E0BC-4729-9F0F-01EAB250BBFC}
	EndGlobalSection
EndGlobal
